
Microsoft Visual Studio Solution File, Format Version 11.00
# Visual Studio 2010
Project("{8BC9CEB8-8B4A-11D0-8D11-00A0C91BC942}") = "Git-BasicWebcam", "Git-BasicWebcam\Git-BasicWebcam.vcxproj", "{FDA7436A-A6C0-4424-90E1-821288F6E2DB}"
EndProject
Global
	GlobalSection(SolutionConfigurationPlatforms) = preSolution
		Debug|Win32 = Debug|Win32
		Release|Win32 = Release|Win32
	EndGlobalSection
	GlobalSection(ProjectConfigurationPlatforms) = postSolution
		{FDA7436A-A6C0-4424-90E1-821288F6E2DB}.Debug|Win32.ActiveCfg = Debug|Win32
		{FDA7436A-A6C0-4424-90E1-821288F6E2DB}.Debug|Win32.Build.0 = Debug|Win32
		{FDA7436A-A6C0-4424-90E1-821288F6E2DB}.Release|Win32.ActiveCfg = Release|Win32
		{FDA7436A-A6C0-4424-90E1-821288F6E2DB}.Release|Win32.Build.0 = Release|Win32
	EndGlobalSection
	GlobalSection(SolutionProperties) = preSolution
		HideSolutionNode = FALSE
	EndGlobalSection
EndGlobal
